// !$*UTF8*$!
{
	archiveVersion = 1;
	classes = {
	};
	objectVersion = 77;
	objects = {

/* Begin PBXBuildFile section */
		090A2A3F43CE69EA3C079EB0 /* HuskLog.swift in Sources */ = {isa = PBXBuildFile; fileRef = C6541CC4432CA2CE74901320 /* HuskLog.swift */; };
		0B197878C829D66E77FD7E3F /* libANGLE-shared.dylib in Embed Frameworks */ = {isa = PBXBuildFile; fileRef = 3B1406C4A7D0F7E50BCB365B /* libANGLE-shared.dylib */; settings = {ATTRIBUTES = (CodeSignOnCopy, RemoveHeadersOnCopy, ); }; };
		1624D7BE5D25504F10E6D705 /* Shaders.metal in Sources */ = {isa = PBXBuildFile; fileRef = A523DB1FEA5BC026771035C7 /* Shaders.metal */; };
		29B4497EDC1E890D82BDF969 /* GuestManifest.swift in Sources */ = {isa = PBXBuildFile; fileRef = 4A0490485F9BA884A0554EAD /* GuestManifest.swift */; };
		340ADF13F9F0E48A5A443600 /* HuskBridgeFS.swift in Sources */ = {isa = PBXBuildFile; fileRef = 0168E1B352FFD7A4BC207CA5 /* HuskBridgeFS.swift */; };
		38A9F59D462DE5A28D3F579D /* Assets.xcassets in Resources */ = {isa = PBXBuildFile; fileRef = 28D3E1CEE343707BE986FA6E /* Assets.xcassets */; };
		38E7D6B6947ED3CF1A82BB7D /* libqemu-aarch64-softmmu.dylib in Frameworks */ = {isa = PBXBuildFile; fileRef = 1B29247002CE43A3B9DEC633 /* libqemu-aarch64-softmmu.dylib */; };
		4E1329C07A116B3BE1FDFA7A /* ContentView.swift in Sources */ = {isa = PBXBuildFile; fileRef = 6CAD18BA88F03D63EF1F5DF2 /* ContentView.swift */; };
		507309F42DC8965C816DC580 /* JITBootstrap.swift in Sources */ = {isa = PBXBuildFile; fileRef = 5664FE015975D16E7500F3C7 /* JITBootstrap.swift */; };
		581DC803F723FFB10DDA759F /* HuskApp.swift in Sources */ = {isa = PBXBuildFile; fileRef = 85AAFB3E92FE2AE4A2FA4DD8 /* HuskApp.swift */; };
		59514CBA483F71A738A3B444 /* HuskMetalPresenter.swift in Sources */ = {isa = PBXBuildFile; fileRef = 4B259C39CD9CC4D2A8A3D8E8 /* HuskMetalPresenter.swift */; };
		5E4B0292717DAE8B0CAA99E4 /* QemuRunner.swift in Sources */ = {isa = PBXBuildFile; fileRef = 2E91A601F16886103BC482AB /* QemuRunner.swift */; };
		79606C9B3D5AF0CEADE3482D /* GuestImage.swift in Sources */ = {isa = PBXBuildFile; fileRef = 771B4FD56CABC214FEED6DFE /* GuestImage.swift */; };
		81557CC939994CE6350E1C81 /* HuskKeyboard.swift in Sources */ = {isa = PBXBuildFile; fileRef = 392BE39CE162757FDA225452 /* HuskKeyboard.swift */; };
		8E10E866080B28D4D397970A /* HuskGLView.swift in Sources */ = {isa = PBXBuildFile; fileRef = F337AAF2A6860FCB03810AA6 /* HuskGLView.swift */; };
		CE5D4B4D666CC7B351345EB3 /* LibraryView.swift in Sources */ = {isa = PBXBuildFile; fileRef = 56DAE8E0DADC5483D33F6B7B /* LibraryView.swift */; };
		E2C01F517E73992A29E22EC2 /* husk-jit.js in Resources */ = {isa = PBXBuildFile; fileRef = B74F9AA42414905593B347BA /* husk-jit.js */; };
		EC8B11F723C188F32B5D9DCA /* libqemu-aarch64-softmmu.dylib in Embed Frameworks */ = {isa = PBXBuildFile; fileRef = 1B29247002CE43A3B9DEC633 /* libqemu-aarch64-softmmu.dylib */; settings = {ATTRIBUTES = (CodeSignOnCopy, RemoveHeadersOnCopy, ); }; };
		F6880CA30640F688356229CF /* HuskMetalView.swift in Sources */ = {isa = PBXBuildFile; fileRef = D91C1E7D6301EBCE06FEE0FE /* HuskMetalView.swift */; };
/* End PBXBuildFile section */

/* Begin PBXCopyFilesBuildPhase section */
		519A6523ED45941660EDDD39 /* Embed Frameworks */ = {
			isa = PBXCopyFilesBuildPhase;
			buildActionMask = 2147483647;
			dstPath = "";
			dstSubfolderSpec = 10;
			files = (
				EC8B11F723C188F32B5D9DCA /* libqemu-aarch64-softmmu.dylib in Embed Frameworks */,
				0B197878C829D66E77FD7E3F /* libANGLE-shared.dylib in Embed Frameworks */,
			);
			name = "Embed Frameworks";
			runOnlyForDeploymentPostprocessing = 0;
		};
/* End PBXCopyFilesBuildPhase section */

/* Begin PBXFileReference section */
		0168E1B352FFD7A4BC207CA5 /* HuskBridgeFS.swift */ = {isa = PBXFileReference; lastKnownFileType = sourcecode.swift; path = HuskBridgeFS.swift; sourceTree = "<group>"; };
		1B29247002CE43A3B9DEC633 /* libqemu-aarch64-softmmu.dylib */ = {isa = PBXFileReference; lastKnownFileType = "compiled.mach-o.dylib"; name = "libqemu-aarch64-softmmu.dylib"; path = "../../build/ios-arm64/lib/libqemu-aarch64-softmmu.dylib"; sourceTree = "<group>"; };
		28D3E1CEE343707BE986FA6E /* Assets.xcassets */ = {isa = PBXFileReference; lastKnownFileType = folder.assetcatalog; path = Assets.xcassets; sourceTree = "<group>"; };
		2E91A601F16886103BC482AB /* QemuRunner.swift */ = {isa = PBXFileReference; lastKnownFileType = sourcecode.swift; path = QemuRunner.swift; sourceTree = "<group>"; };
		392BE39CE162757FDA225452 /* HuskKeyboard.swift */ = {isa = PBXFileReference; lastKnownFileType = sourcecode.swift; path = HuskKeyboard.swift; sourceTree = "<group>"; };
		3B1406C4A7D0F7E50BCB365B /* libANGLE-shared.dylib */ = {isa = PBXFileReference; lastKnownFileType = "compiled.mach-o.dylib"; name = "libANGLE-shared.dylib"; path = "../../build/ios-arm64/sysroot/lib/libANGLE-shared.dylib"; sourceTree = "<group>"; };
		4A0490485F9BA884A0554EAD /* GuestManifest.swift */ = {isa = PBXFileReference; lastKnownFileType = sourcecode.swift; path = GuestManifest.swift; sourceTree = "<group>"; };
		4B259C39CD9CC4D2A8A3D8E8 /* HuskMetalPresenter.swift */ = {isa = PBXFileReference; lastKnownFileType = sourcecode.swift; path = HuskMetalPresenter.swift; sourceTree = "<group>"; };
		4D3B9FB2A68373C457706DA9 /* Husk.app */ = {isa = PBXFileReference; includeInIndex = 0; lastKnownFileType = wrapper.application; path = Husk.app; sourceTree = BUILT_PRODUCTS_DIR; };
		5664FE015975D16E7500F3C7 /* JITBootstrap.swift */ = {isa = PBXFileReference; lastKnownFileType = sourcecode.swift; path = JITBootstrap.swift; sourceTree = "<group>"; };
		56DAE8E0DADC5483D33F6B7B /* LibraryView.swift */ = {isa = PBXFileReference; lastKnownFileType = sourcecode.swift; path = LibraryView.swift; sourceTree = "<group>"; };
		619394B1069242D8750E7F33 /* Husk.entitlements */ = {isa = PBXFileReference; lastKnownFileType = text.plist.entitlements; path = Husk.entitlements; sourceTree = "<group>"; };
		690B2DA647B7B75C11DDDA9F /* HuskBridge.h */ = {isa = PBXFileReference; lastKnownFileType = sourcecode.c.h; path = HuskBridge.h; sourceTree = "<group>"; };
		6CAD18BA88F03D63EF1F5DF2 /* ContentView.swift */ = {isa = PBXFileReference; lastKnownFileType = sourcecode.swift; path = ContentView.swift; sourceTree = "<group>"; };
		771B4FD56CABC214FEED6DFE /* GuestImage.swift */ = {isa = PBXFileReference; lastKnownFileType = sourcecode.swift; path = GuestImage.swift; sourceTree = "<group>"; };
		85AAFB3E92FE2AE4A2FA4DD8 /* HuskApp.swift */ = {isa = PBXFileReference; lastKnownFileType = sourcecode.swift; path = HuskApp.swift; sourceTree = "<group>"; };
		A523DB1FEA5BC026771035C7 /* Shaders.metal */ = {isa = PBXFileReference; lastKnownFileType = sourcecode.metal; path = Shaders.metal; sourceTree = "<group>"; };
		B74F9AA42414905593B347BA /* husk-jit.js */ = {isa = PBXFileReference; lastKnownFileType = sourcecode.javascript; path = "husk-jit.js"; sourceTree = "<group>"; };
		C6541CC4432CA2CE74901320 /* HuskLog.swift */ = {isa = PBXFileReference; lastKnownFileType = sourcecode.swift; path = HuskLog.swift; sourceTree = "<group>"; };
		D91C1E7D6301EBCE06FEE0FE /* HuskMetalView.swift */ = {isa = PBXFileReference; lastKnownFileType = sourcecode.swift; path = HuskMetalView.swift; sourceTree = "<group>"; };
		F337AAF2A6860FCB03810AA6 /* HuskGLView.swift */ = {isa = PBXFileReference; lastKnownFileType = sourcecode.swift; path = HuskGLView.swift; sourceTree = "<group>"; };
		FD559A37CF59C3290F29FA43 /* Info.plist */ = {isa = PBXFileReference; lastKnownFileType = text.plist; path = Info.plist; sourceTree = "<group>"; };
/* End PBXFileReference section */

/* Begin PBXFrameworksBuildPhase section */
		81868A41ECA70F0BF20AC3EF /* Frameworks */ = {
			isa = PBXFrameworksBuildPhase;
			buildActionMask = 2147483647;
			files = (
				38E7D6B6947ED3CF1A82BB7D /* libqemu-aarch64-softmmu.dylib in Frameworks */,
			);
			runOnlyForDeploymentPostprocessing = 0;
		};
/* End PBXFrameworksBuildPhase section */

/* Begin PBXGroup section */
		0F8D2787A26076A289B9B8EA /* Husk */ = {
			isa = PBXGroup;
			children = (
				28D3E1CEE343707BE986FA6E /* Assets.xcassets */,
				6CAD18BA88F03D63EF1F5DF2 /* ContentView.swift */,
				771B4FD56CABC214FEED6DFE /* GuestImage.swift */,
				4A0490485F9BA884A0554EAD /* GuestManifest.swift */,
				619394B1069242D8750E7F33 /* Husk.entitlements */,
				85AAFB3E92FE2AE4A2FA4DD8 /* HuskApp.swift */,
				690B2DA647B7B75C11DDDA9F /* HuskBridge.h */,
				0168E1B352FFD7A4BC207CA5 /* HuskBridgeFS.swift */,
				F337AAF2A6860FCB03810AA6 /* HuskGLView.swift */,
				392BE39CE162757FDA225452 /* HuskKeyboard.swift */,
				C6541CC4432CA2CE74901320 /* HuskLog.swift */,
				4B259C39CD9CC4D2A8A3D8E8 /* HuskMetalPresenter.swift */,
				D91C1E7D6301EBCE06FEE0FE /* HuskMetalView.swift */,
				FD559A37CF59C3290F29FA43 /* Info.plist */,
				5664FE015975D16E7500F3C7 /* JITBootstrap.swift */,
				56DAE8E0DADC5483D33F6B7B /* LibraryView.swift */,
				2E91A601F16886103BC482AB /* QemuRunner.swift */,
				A523DB1FEA5BC026771035C7 /* Shaders.metal */,
				FA84FD81F71FF2ACDEB879A5 /* Resources */,
			);
			path = Husk;
			sourceTree = "<group>";
		};
		1E59FB82FCE9A2CABD19395C = {
			isa = PBXGroup;
			children = (
				0F8D2787A26076A289B9B8EA /* Husk */,
				6C404F9516669F7DB5047FBE /* Frameworks */,
				72415DD8C95D3F9A6FA194B4 /* Products */,
			);
			sourceTree = "<group>";
		};
		6C404F9516669F7DB5047FBE /* Frameworks */ = {
			isa = PBXGroup;
			children = (
				3B1406C4A7D0F7E50BCB365B /* libANGLE-shared.dylib */,
				1B29247002CE43A3B9DEC633 /* libqemu-aarch64-softmmu.dylib */,
			);
			name = Frameworks;
			sourceTree = "<group>";
		};
		72415DD8C95D3F9A6FA194B4 /* Products */ = {
			isa = PBXGroup;
			children = (
				4D3B9FB2A68373C457706DA9 /* Husk.app */,
			);
			name = Products;
			sourceTree = "<group>";
		};
		FA84FD81F71FF2ACDEB879A5 /* Resources */ = {
			isa = PBXGroup;
			children = (
				B74F9AA42414905593B347BA /* husk-jit.js */,
			);
			path = Resources;
			sourceTree = "<group>";
		};
/* End PBXGroup section */

/* Begin PBXNativeTarget section */
		725A795AE76B023A1B291246 /* Husk */ = {
			isa = PBXNativeTarget;
			buildConfigurationList = 277CE785474AB631DA9DA87C /* Build configuration list for PBXNativeTarget "Husk" */;
			buildPhases = (
				5A0E300C59B0E0810122711E /* Stage guest image */,
				7DFCC5382FEB416913A42FFC /* Sources */,
				38EFBD1C571AB7D069663D9B /* Resources */,
				81868A41ECA70F0BF20AC3EF /* Frameworks */,
				519A6523ED45941660EDDD39 /* Embed Frameworks */,
			);
			buildRules = (
			);
			dependencies = (
			);
			name = Husk;
			packageProductDependencies = (
			);
			productName = Husk;
			productReference = 4D3B9FB2A68373C457706DA9 /* Husk.app */;
			productType = "com.apple.product-type.application";
		};
/* End PBXNativeTarget section */

/* Begin PBXProject section */
		0B9EDB508C7FA3D273DBF5DC /* Project object */ = {
			isa = PBXProject;
			attributes = {
				BuildIndependentTargetsInParallel = YES;
				LastUpgradeCheck = 1430;
				TargetAttributes = {
					725A795AE76B023A1B291246 = {
						DevelopmentTeam = 8PQR26VG3C;
						ProvisioningStyle = Automatic;
					};
				};
			};
			buildConfigurationList = 184E6EA7BF1031F1EE9611FC /* Build configuration list for PBXProject "Husk" */;
			developmentRegion = en;
			hasScannedForEncodings = 0;
			knownRegions = (
				Base,
				en,
			);
			mainGroup = 1E59FB82FCE9A2CABD19395C;
			minimizedProjectReferenceProxies = 1;
			preferredProjectObjectVersion = 77;
			productRefGroup = 72415DD8C95D3F9A6FA194B4 /* Products */;
			projectDirPath = "";
			projectRoot = "";
			targets = (
				725A795AE76B023A1B291246 /* Husk */,
			);
		};
/* End PBXProject section */

/* Begin PBXResourcesBuildPhase section */
		38EFBD1C571AB7D069663D9B /* Resources */ = {
			isa = PBXResourcesBuildPhase;
			buildActionMask = 2147483647;
			files = (
				38A9F59D462DE5A28D3F579D /* Assets.xcassets in Resources */,
				E2C01F517E73992A29E22EC2 /* husk-jit.js in Resources */,
			);
			runOnlyForDeploymentPostprocessing = 0;
		};
/* End PBXResourcesBuildPhase section */

/* Begin PBXShellScriptBuildPhase section */
		5A0E300C59B0E0810122711E /* Stage guest image */ = {
			isa = PBXShellScriptBuildPhase;
			buildActionMask = 2147483647;
			files = (
			);
			inputFileListPaths = (
			);
			inputPaths = (
			);
			name = "Stage guest image";
			outputFileListPaths = (
			);
			outputPaths = (
				"$(BUILT_PRODUCTS_DIR)/$(UNLOCALIZED_RESOURCES_FOLDER_PATH)/vmlinuz-virt",
				"$(BUILT_PRODUCTS_DIR)/$(UNLOCALIZED_RESOURCES_FOLDER_PATH)/initramfs-virt",
			);
			runOnlyForDeploymentPostprocessing = 0;
			shellPath = /bin/sh;
			shellScript = "set -e\nGUEST=\"$SRCROOT/../../guests/phase0\"\nif [ ! -f \"$GUEST/vmlinuz-virt\" ]; then\n  echo \"error: guest missing. Run ./scripts/fetch_phase0_guest.sh\" >&2\n  exit 1\nfi\nmkdir -p \"$BUILT_PRODUCTS_DIR/$UNLOCALIZED_RESOURCES_FOLDER_PATH\"\ncp \"$GUEST/vmlinuz-virt\" \"$GUEST/initramfs-virt\" \\\n   \"$BUILT_PRODUCTS_DIR/$UNLOCALIZED_RESOURCES_FOLDER_PATH/\"\n\n# QEMU loads option ROMs by name from its data directory (-L). The full\n# pc-bios tree is 24 MB and almost entirely firmware for architectures\n# we will never boot (sparc64, riscv, loongarch, x86, ppc), so ship only\n# the network boot ROMs -- 1.6 MB, and the only ones -M virt asks for.\nBIOS=\"$SRCROOT/../../third_party/build/qemu-10.0.12-utm/pc-bios\"\nDEST=\"$BUILT_PRODUCTS_DIR/$UNLOCALIZED_RESOURCES_FOLDER_PATH/pc-bios\"\nmkdir -p \"$DEST\"\ncp \"$BIOS\"/efi-*.rom \"$BIOS\"/pxe-*.rom \"$DEST/\" 2>/dev/null || true\n\n# UEFI firmware for the Phase 1 guest: Debian's cloud image boots through\n# GRUB under UEFI, so this is required. It is 64 MiB but almost all zeros,\n# so the IPA's own zip squeezes it to about a megabyte -- cheaper than\n# carrying a decompressor to unpack it at runtime.\nFW=\"$BUILT_PRODUCTS_DIR/$UNLOCALIZED_RESOURCES_FOLDER_PATH/edk2-aarch64-code.fd\"\nif [ ! -f \"$FW\" ]; then\n  bunzip2 -c \"$BIOS/edk2-aarch64-code.fd.bz2\" > \"$FW\"\nfi\n";
		};
/* End PBXShellScriptBuildPhase section */

/* Begin PBXSourcesBuildPhase section */
		7DFCC5382FEB416913A42FFC /* Sources */ = {
			isa = PBXSourcesBuildPhase;
			buildActionMask = 2147483647;
			files = (
				4E1329C07A116B3BE1FDFA7A /* ContentView.swift in Sources */,
				79606C9B3D5AF0CEADE3482D /* GuestImage.swift in Sources */,
				29B4497EDC1E890D82BDF969 /* GuestManifest.swift in Sources */,
				581DC803F723FFB10DDA759F /* HuskApp.swift in Sources */,
				340ADF13F9F0E48A5A443600 /* HuskBridgeFS.swift in Sources */,
				8E10E866080B28D4D397970A /* HuskGLView.swift in Sources */,
				81557CC939994CE6350E1C81 /* HuskKeyboard.swift in Sources */,
				090A2A3F43CE69EA3C079EB0 /* HuskLog.swift in Sources */,
				59514CBA483F71A738A3B444 /* HuskMetalPresenter.swift in Sources */,
				F6880CA30640F688356229CF /* HuskMetalView.swift in Sources */,
				507309F42DC8965C816DC580 /* JITBootstrap.swift in Sources */,
				CE5D4B4D666CC7B351345EB3 /* LibraryView.swift in Sources */,
				5E4B0292717DAE8B0CAA99E4 /* QemuRunner.swift in Sources */,
				1624D7BE5D25504F10E6D705 /* Shaders.metal in Sources */,
			);
			runOnlyForDeploymentPostprocessing = 0;
		};
/* End PBXSourcesBuildPhase section */

/* Begin XCBuildConfiguration section */
		5F45FC5FDE6614EBCB307AFD /* Debug */ = {
			isa = XCBuildConfiguration;
			buildSettings = {
				ASSETCATALOG_COMPILER_APPICON_NAME = AppIcon;
				CODE_SIGN_ENTITLEMENTS = Husk/Husk.entitlements;
				CODE_SIGN_IDENTITY = "iPhone Developer";
				CODE_SIGN_STYLE = Automatic;
				DEVELOPMENT_TEAM = 8PQR26VG3C;
				FRAMEWORK_SEARCH_PATHS = (
					"$(inherited)",
					"\"../../build/ios-arm64/lib\"",
					"\"../../build/ios-arm64/sysroot/lib\"",
				);
				INFOPLIST_FILE = Husk/Info.plist;
				LD_RUNPATH_SEARCH_PATHS = (
					"$(inherited)",
					"@executable_path/Frameworks",
				);
				LIBRARY_SEARCH_PATHS = (
					"$(inherited)",
					"$(SRCROOT)/../../build/ios-arm64/lib",
				);
				PRODUCT_BUNDLE_IDENTIFIER = com.bhabha.husk;
				SDKROOT = iphoneos;
				SWIFT_OBJC_BRIDGING_HEADER = Husk/HuskBridge.h;
				TARGETED_DEVICE_FAMILY = 1;
			};
			name = Debug;
		};
		A4ED241CB14F87417258BD9B /* Release */ = {
			isa = XCBuildConfiguration;
			buildSettings = {
				ASSETCATALOG_COMPILER_APPICON_NAME = AppIcon;
				CODE_SIGN_ENTITLEMENTS = Husk/Husk.entitlements;
				CODE_SIGN_IDENTITY = "iPhone Developer";
				CODE_SIGN_STYLE = Automatic;
				DEVELOPMENT_TEAM = 8PQR26VG3C;
				FRAMEWORK_SEARCH_PATHS = (
					"$(inherited)",
					"\"../../build/ios-arm64/lib\"",
					"\"../../build/ios-arm64/sysroot/lib\"",
				);
				INFOPLIST_FILE = Husk/Info.plist;
				LD_RUNPATH_SEARCH_PATHS = (
					"$(inherited)",
					"@executable_path/Frameworks",
				);
				LIBRARY_SEARCH_PATHS = (
					"$(inherited)",
					"$(SRCROOT)/../../build/ios-arm64/lib",
				);
				PRODUCT_BUNDLE_IDENTIFIER = com.bhabha.husk;
				SDKROOT = iphoneos;
				SWIFT_OBJC_BRIDGING_HEADER = Husk/HuskBridge.h;
				TARGETED_DEVICE_FAMILY = 1;
			};
			name = Release;
		};
		A6BEFEEA41912FF5238A40A7 /* Release */ = {
			isa = XCBuildConfiguration;
			buildSettings = {
				ALWAYS_SEARCH_USER_PATHS = NO;
				ARCHS = arm64;
				CLANG_ANALYZER_NONNULL = YES;
				CLANG_ANALYZER_NUMBER_OBJECT_CONVERSION = YES_AGGRESSIVE;
				CLANG_CXX_LANGUAGE_STANDARD = "gnu++14";
				CLANG_CXX_LIBRARY = "libc++";
				CLANG_ENABLE_MODULES = YES;
				CLANG_ENABLE_OBJC_ARC = YES;
				CLANG_ENABLE_OBJC_WEAK = YES;
				CLANG_WARN_BLOCK_CAPTURE_AUTORELEASING = YES;
				CLANG_WARN_BOOL_CONVERSION = YES;
				CLANG_WARN_COMMA = YES;
				CLANG_WARN_CONSTANT_CONVERSION = YES;
				CLANG_WARN_DEPRECATED_OBJC_IMPLEMENTATIONS = YES;
				CLANG_WARN_DIRECT_OBJC_ISA_USAGE = YES_ERROR;
				CLANG_WARN_DOCUMENTATION_COMMENTS = YES;
				CLANG_WARN_EMPTY_BODY = YES;
				CLANG_WARN_ENUM_CONVERSION = YES;
				CLANG_WARN_INFINITE_RECURSION = YES;
				CLANG_WARN_INT_CONVERSION = YES;
				CLANG_WARN_NON_LITERAL_NULL_CONVERSION = YES;
				CLANG_WARN_OBJC_IMPLICIT_RETAIN_SELF = YES;
				CLANG_WARN_OBJC_LITERAL_CONVERSION = YES;
				CLANG_WARN_OBJC_ROOT_CLASS = YES_ERROR;
				CLANG_WARN_QUOTED_INCLUDE_IN_FRAMEWORK_HEADER = YES;
				CLANG_WARN_RANGE_LOOP_ANALYSIS = YES;
				CLANG_WARN_STRICT_PROTOTYPES = YES;
				CLANG_WARN_SUSPICIOUS_MOVE = YES;
				CLANG_WARN_UNGUARDED_AVAILABILITY = YES_AGGRESSIVE;
				CLANG_WARN_UNREACHABLE_CODE = YES;
				CLANG_WARN__DUPLICATE_METHOD_MATCH = YES;
				COPY_PHASE_STRIP = NO;
				DEBUG_INFORMATION_FORMAT = "dwarf-with-dsym";
				ENABLE_BITCODE = NO;
				ENABLE_NS_ASSERTIONS = NO;
				ENABLE_STRICT_OBJC_MSGSEND = YES;
				GCC_C_LANGUAGE_STANDARD = gnu11;
				GCC_NO_COMMON_BLOCKS = YES;
				GCC_WARN_64_TO_32_BIT_CONVERSION = YES;
				GCC_WARN_ABOUT_RETURN_TYPE = YES_ERROR;
				GCC_WARN_UNDECLARED_SELECTOR = YES;
				GCC_WARN_UNINITIALIZED_AUTOS = YES_AGGRESSIVE;
				GCC_WARN_UNUSED_FUNCTION = YES;
				GCC_WARN_UNUSED_VARIABLE = YES;
				IPHONEOS_DEPLOYMENT_TARGET = 16.4;
				MTL_ENABLE_DEBUG_INFO = NO;
				MTL_FAST_MATH = YES;
				ONLY_ACTIVE_ARCH = YES;
				PRODUCT_NAME = "$(TARGET_NAME)";
				SDKROOT = iphoneos;
				SWIFT_COMPILATION_MODE = wholemodule;
				SWIFT_OPTIMIZATION_LEVEL = "-O";
				SWIFT_VERSION = 5.0;
			};
			name = Release;
		};
		AA18E9E2D7E74D46471162B2 /* Debug */ = {
			isa = XCBuildConfiguration;
			buildSettings = {
				ALWAYS_SEARCH_USER_PATHS = NO;
				ARCHS = arm64;
				CLANG_ANALYZER_NONNULL = YES;
				CLANG_ANALYZER_NUMBER_OBJECT_CONVERSION = YES_AGGRESSIVE;
				CLANG_CXX_LANGUAGE_STANDARD = "gnu++14";
				CLANG_CXX_LIBRARY = "libc++";
				CLANG_ENABLE_MODULES = YES;
				CLANG_ENABLE_OBJC_ARC = YES;
				CLANG_ENABLE_OBJC_WEAK = YES;
				CLANG_WARN_BLOCK_CAPTURE_AUTORELEASING = YES;
				CLANG_WARN_BOOL_CONVERSION = YES;
				CLANG_WARN_COMMA = YES;
				CLANG_WARN_CONSTANT_CONVERSION = YES;
				CLANG_WARN_DEPRECATED_OBJC_IMPLEMENTATIONS = YES;
				CLANG_WARN_DIRECT_OBJC_ISA_USAGE = YES_ERROR;
				CLANG_WARN_DOCUMENTATION_COMMENTS = YES;
				CLANG_WARN_EMPTY_BODY = YES;
				CLANG_WARN_ENUM_CONVERSION = YES;
				CLANG_WARN_INFINITE_RECURSION = YES;
				CLANG_WARN_INT_CONVERSION = YES;
				CLANG_WARN_NON_LITERAL_NULL_CONVERSION = YES;
				CLANG_WARN_OBJC_IMPLICIT_RETAIN_SELF = YES;
				CLANG_WARN_OBJC_LITERAL_CONVERSION = YES;
				CLANG_WARN_OBJC_ROOT_CLASS = YES_ERROR;
				CLANG_WARN_QUOTED_INCLUDE_IN_FRAMEWORK_HEADER = YES;
				CLANG_WARN_RANGE_LOOP_ANALYSIS = YES;
				CLANG_WARN_STRICT_PROTOTYPES = YES;
				CLANG_WARN_SUSPICIOUS_MOVE = YES;
				CLANG_WARN_UNGUARDED_AVAILABILITY = YES_AGGRESSIVE;
				CLANG_WARN_UNREACHABLE_CODE = YES;
				CLANG_WARN__DUPLICATE_METHOD_MATCH = YES;
				COPY_PHASE_STRIP = NO;
				DEBUG_INFORMATION_FORMAT = dwarf;
				ENABLE_BITCODE = NO;
				ENABLE_STRICT_OBJC_MSGSEND = YES;
				ENABLE_TESTABILITY = YES;
				GCC_C_LANGUAGE_STANDARD = gnu11;
				GCC_DYNAMIC_NO_PIC = NO;
				GCC_NO_COMMON_BLOCKS = YES;
				GCC_OPTIMIZATION_LEVEL = 0;
				GCC_PREPROCESSOR_DEFINITIONS = (
					"$(inherited)",
					"DEBUG=1",
				);
				GCC_WARN_64_TO_32_BIT_CONVERSION = YES;
				GCC_WARN_ABOUT_RETURN_TYPE = YES_ERROR;
				GCC_WARN_UNDECLARED_SELECTOR = YES;
				GCC_WARN_UNINITIALIZED_AUTOS = YES_AGGRESSIVE;
				GCC_WARN_UNUSED_FUNCTION = YES;
				GCC_WARN_UNUSED_VARIABLE = YES;
				IPHONEOS_DEPLOYMENT_TARGET = 16.4;
				MTL_ENABLE_DEBUG_INFO = INCLUDE_SOURCE;
				MTL_FAST_MATH = YES;
				ONLY_ACTIVE_ARCH = YES;
				PRODUCT_NAME = "$(TARGET_NAME)";
				SDKROOT = iphoneos;
				SWIFT_ACTIVE_COMPILATION_CONDITIONS = DEBUG;
				SWIFT_OPTIMIZATION_LEVEL = "-O";
				SWIFT_VERSION = 5.0;
			};
			name = Debug;
		};
/* End XCBuildConfiguration section */

/* Begin XCConfigurationList section */
		184E6EA7BF1031F1EE9611FC /* Build configuration list for PBXProject "Husk" */ = {
			isa = XCConfigurationList;
			buildConfigurations = (
				AA18E9E2D7E74D46471162B2 /* Debug */,
				A6BEFEEA41912FF5238A40A7 /* Release */,
			);
			defaultConfigurationIsVisible = 0;
			defaultConfigurationName = Debug;
		};
		277CE785474AB631DA9DA87C /* Build configuration list for PBXNativeTarget "Husk" */ = {
			isa = XCConfigurationList;
			buildConfigurations = (
				5F45FC5FDE6614EBCB307AFD /* Debug */,
				A4ED241CB14F87417258BD9B /* Release */,
			);
			defaultConfigurationIsVisible = 0;
			defaultConfigurationName = Debug;
		};
/* End XCConfigurationList section */
	};
	rootObject = 0B9EDB508C7FA3D273DBF5DC /* Project object */;
}
